
Microsoft Visual Studio Solution File, Format Version 12.00
# Visual Studio Version 16
VisualStudioVersion = 16.0.30717.126
MinimumVisualStudioVersion = 10.0.40219.1
Project("{FAE04EC0-301F-11D3-BF4B-00C04F79EFBC}") = "Core", "Core\Core.csproj", "{612F846C-69B5-4F5E-8599-0366BBD52666}"
EndProject
Project("{FAE04EC0-301F-11D3-BF4B-00C04F79EFBC}") = "DataAccess", "DataAccess\DataAccess.csproj", "{E13B9909-9693-47DB-975C-FF90A61F5CBB}"
EndProject
Project("{FAE04EC0-301F-11D3-BF4B-00C04F79EFBC}") = "Business", "Business\Business.csproj", "{204133F1-87D6-4E8E-B27D-D2FDF2DA11A8}"
EndProject
Project("{FAE04EC0-301F-11D3-BF4B-00C04F79EFBC}") = "MVCWebUI", "MVCWebUI\MVCWebUI.csproj", "{943D8542-DD52-4DD7-9835-CB12A35F4361}"
EndProject
Project("{FAE04EC0-301F-11D3-BF4B-00C04F79EFBC}") = "WebAPİ", "WebAPİ\WebAPİ.csproj", "{8AB1CE33-7086-4290-B18F-1DFA6D6DCF76}"
EndProject
Global
	GlobalSection(SolutionConfigurationPlatforms) = preSolution
		Debug|Any CPU = Debug|Any CPU
		Release|Any CPU = Release|Any CPU
	EndGlobalSection
	GlobalSection(ProjectConfigurationPlatforms) = postSolution
		{612F846C-69B5-4F5E-8599-0366BBD52666}.Debug|Any CPU.ActiveCfg = Debug|Any CPU
		{612F846C-69B5-4F5E-8599-0366BBD52666}.Debug|Any CPU.Build.0 = Debug|Any CPU
		{612F846C-69B5-4F5E-8599-0366BBD52666}.Release|Any CPU.ActiveCfg = Release|Any CPU
		{612F846C-69B5-4F5E-8599-0366BBD52666}.Release|Any CPU.Build.0 = Release|Any CPU
		{E13B9909-9693-47DB-975C-FF90A61F5CBB}.Debug|Any CPU.ActiveCfg = Debug|Any CPU
		{E13B9909-9693-47DB-975C-FF90A61F5CBB}.Debug|Any CPU.Build.0 = Debug|Any CPU
		{E13B9909-9693-47DB-975C-FF90A61F5CBB}.Release|Any CPU.ActiveCfg = Release|Any CPU
		{E13B9909-9693-47DB-975C-FF90A61F5CBB}.Release|Any CPU.Build.0 = Release|Any CPU
		{204133F1-87D6-4E8E-B27D-D2FDF2DA11A8}.Debug|Any CPU.ActiveCfg = Debug|Any CPU
		{204133F1-87D6-4E8E-B27D-D2FDF2DA11A8}.Debug|Any CPU.Build.0 = Debug|Any CPU
		{204133F1-87D6-4E8E-B27D-D2FDF2DA11A8}.Release|Any CPU.ActiveCfg = Release|Any CPU
		{204133F1-87D6-4E8E-B27D-D2FDF2DA11A8}.Release|Any CPU.Build.0 = Release|Any CPU
		{943D8542-DD52-4DD7-9835-CB12A35F4361}.Debug|Any CPU.ActiveCfg = Debug|Any CPU
		{943D8542-DD52-4DD7-9835-CB12A35F4361}.Debug|Any CPU.Build.0 = Debug|Any CPU
		{943D8542-DD52-4DD7-9835-CB12A35F4361}.Release|Any CPU.ActiveCfg = Release|Any CPU
		{943D8542-DD52-4DD7-9835-CB12A35F4361}.Release|Any CPU.Build.0 = Release|Any CPU
		{8AB1CE33-7086-4290-B18F-1DFA6D6DCF76}.Debug|Any CPU.ActiveCfg = Debug|Any CPU
		{8AB1CE33-7086-4290-B18F-1DFA6D6DCF76}.Debug|Any CPU.Build.0 = Debug|Any CPU
		{8AB1CE33-7086-4290-B18F-1DFA6D6DCF76}.Release|Any CPU.ActiveCfg = Release|Any CPU
		{8AB1CE33-7086-4290-B18F-1DFA6D6DCF76}.Release|Any CPU.Build.0 = Release|Any CPU
	EndGlobalSection
	GlobalSection(SolutionProperties) = preSolution
		HideSolutionNode = FALSE
	EndGlobalSection
	GlobalSection(ExtensibilityGlobals) = postSolution
		SolutionGuid = {746CD333-7FFC-4E73-870E-FDD47F883F9B}
	EndGlobalSection
EndGlobal
